// !$*UTF8*$!
{
	archiveVersion = 1;
	classes = {
	};
	objectVersion = 46;
	objects = {

/* Begin PBXBuildFile section */
		07A6F20B171A06AF00C5B236 /* theater.cpp in Sources */ = {isa = PBXBuildFile; fileRef = 07A6F209171A06AF00C5B236 /* theater.cpp */; };
		07A6F213171A09A200C5B236 /* SeatSelection.cpp in Sources */ = {isa = PBXBuildFile; fileRef = 07A6F211171A09A200C5B236 /* SeatSelection.cpp */; };
/* End PBXBuildFile section */

/* Begin PBXCopyFilesBuildPhase section */
		07A6F1F8171A064900C5B236 /* CopyFiles */ = {
			isa = PBXCopyFilesBuildPhase;
			buildActionMask = 2147483647;
			dstPath = /usr/share/man/man1/;
			dstSubfolderSpec = 0;
			files = (
			);
			runOnlyForDeploymentPostprocessing = 1;
		};
/* End PBXCopyFilesBuildPhase section */

/* Begin PBXFileReference section */
		07A6F1FA171A064B00C5B236 /* Theater */ = {isa = PBXFileReference; explicitFileType = "compiled.mach-o.executable"; includeInIndex = 0; path = Theater; sourceTree = BUILT_PRODUCTS_DIR; };
		07A6F209171A06AF00C5B236 /* theater.cpp */ = {isa = PBXFileReference; fileEncoding = 4; lastKnownFileType = sourcecode.cpp.cpp; name = theater.cpp; path = ../theater.cpp; sourceTree = "<group>"; };
		07A6F211171A09A200C5B236 /* SeatSelection.cpp */ = {isa = PBXFileReference; fileEncoding = 4; lastKnownFileType = sourcecode.cpp.cpp; name = SeatSelection.cpp; path = ../SeatSelection.cpp; sourceTree = "<group>"; };
		07A6F212171A09A200C5B236 /* SeatSelection.h */ = {isa = PBXFileReference; fileEncoding = 4; lastKnownFileType = sourcecode.c.h; name = SeatSelection.h; path = ../SeatSelection.h; sourceTree = "<group>"; };
/* End PBXFileReference section */

/* Begin PBXFrameworksBuildPhase section */
		07A6F1F7171A064900C5B236 /* Frameworks */ = {
			isa = PBXFrameworksBuildPhase;
			buildActionMask = 2147483647;
			files = (
			);
			runOnlyForDeploymentPostprocessing = 0;
		};
/* End PBXFrameworksBuildPhase section */

/* Begin PBXGroup section */
		07A6F1EF171A064900C5B236 = {
			isa = PBXGroup;
			children = (
				07A6F1FD171A064C00C5B236 /* Theater */,
				07A6F1FB171A064B00C5B236 /* Products */,
			);
			sourceTree = "<group>";
		};
		07A6F1FB171A064B00C5B236 /* Products */ = {
			isa = PBXGroup;
			children = (
				07A6F1FA171A064B00C5B236 /* Theater */,
			);
			name = Products;
			sourceTree = "<group>";
		};
		07A6F1FD171A064C00C5B236 /* Theater */ = {
			isa = PBXGroup;
			children = (
				07A6F211171A09A200C5B236 /* SeatSelection.cpp */,
				07A6F212171A09A200C5B236 /* SeatSelection.h */,
				07A6F209171A06AF00C5B236 /* theater.cpp */,
			);
			path = Theater;
			sourceTree = "<group>";
		};
/* End PBXGroup section */

/* Begin PBXNativeTarget section */
		07A6F1F9171A064900C5B236 /* Theater */ = {
			isa = PBXNativeTarget;
			buildConfigurationList = 07A6F204171A064E00C5B236 /* Build configuration list for PBXNativeTarget "Theater" */;
			buildPhases = (
				07A6F1F6171A064900C5B236 /* Sources */,
				07A6F1F7171A064900C5B236 /* Frameworks */,
				07A6F1F8171A064900C5B236 /* CopyFiles */,
			);
			buildRules = (
			);
			dependencies = (
			);
			name = Theater;
			productName = Theater;
			productReference = 07A6F1FA171A064B00C5B236 /* Theater */;
			productType = "com.apple.product-type.tool";
		};
/* End PBXNativeTarget section */

/* Begin PBXProject section */
		07A6F1F1171A064900C5B236 /* Project object */ = {
			isa = PBXProject;
			attributes = {
				LastUpgradeCheck = 0450;
				ORGANIZATIONNAME = Taptivia;
			};
			buildConfigurationList = 07A6F1F4171A064900C5B236 /* Build configuration list for PBXProject "Theater" */;
			compatibilityVersion = "Xcode 3.2";
			developmentRegion = English;
			hasScannedForEncodings = 0;
			knownRegions = (
				en,
			);
			mainGroup = 07A6F1EF171A064900C5B236;
			productRefGroup = 07A6F1FB171A064B00C5B236 /* Products */;
			projectDirPath = "";
			projectRoot = "";
			targets = (
				07A6F1F9171A064900C5B236 /* Theater */,
			);
		};
/* End PBXProject section */

/* Begin PBXSourcesBuildPhase section */
		07A6F1F6171A064900C5B236 /* Sources */ = {
			isa = PBXSourcesBuildPhase;
			buildActionMask = 2147483647;
			files = (
				07A6F20B171A06AF00C5B236 /* theater.cpp in Sources */,
				07A6F213171A09A200C5B236 /* SeatSelection.cpp in Sources */,
			);
			runOnlyForDeploymentPostprocessing = 0;
		};
/* End PBXSourcesBuildPhase section */

/* Begin XCBuildConfiguration section */
		07A6F202171A064E00C5B236 /* Debug */ = {
			isa = XCBuildConfiguration;
			buildSettings = {
				ALWAYS_SEARCH_USER_PATHS = NO;
				ARCHS = "$(ARCHS_STANDARD_64_BIT)";
				CLANG_CXX_LANGUAGE_STANDARD = "gnu++0x";
				CLANG_CXX_LIBRARY = "libc++";
				CLANG_WARN_EMPTY_BODY = YES;
				CLANG_WARN__DUPLICATE_METHOD_MATCH = YES;
				COPY_PHASE_STRIP = NO;
				GCC_C_LANGUAGE_STANDARD = gnu99;
				GCC_DYNAMIC_NO_PIC = NO;
				GCC_ENABLE_OBJC_EXCEPTIONS = YES;
				GCC_OPTIMIZATION_LEVEL = 0;
				GCC_PREPROCESSOR_DEFINITIONS = (
					"DEBUG=1",
					"$(inherited)",
				);
				GCC_SYMBOLS_PRIVATE_EXTERN = NO;
				GCC_WARN_64_TO_32_BIT_CONVERSION = YES;
				GCC_WARN_ABOUT_RETURN_TYPE = YES;
				GCC_WARN_UNINITIALIZED_AUTOS = YES;
				GCC_WARN_UNUSED_VARIABLE = YES;
				MACOSX_DEPLOYMENT_TARGET = 10.7;
				ONLY_ACTIVE_ARCH = YES;
				SDKROOT = macosx;
			};
			name = Debug;
		};
		07A6F203171A064E00C5B236 /* Release */ = {
			isa = XCBuildConfiguration;
			buildSettings = {
				ALWAYS_SEARCH_USER_PATHS = NO;
				ARCHS = "$(ARCHS_STANDARD_64_BIT)";
				CLANG_CXX_LANGUAGE_STANDARD = "gnu++0x";
				CLANG_CXX_LIBRARY = "libc++";
				CLANG_WARN_EMPTY_BODY = YES;
				CLANG_WARN__DUPLICATE_METHOD_MATCH = YES;
				COPY_PHASE_STRIP = YES;
				DEBUG_INFORMATION_FORMAT = "dwarf-with-dsym";
				GCC_C_LANGUAGE_STANDARD = gnu99;
				GCC_ENABLE_OBJC_EXCEPTIONS = YES;
				GCC_WARN_64_TO_32_BIT_CONVERSION = YES;
				GCC_WARN_ABOUT_RETURN_TYPE = YES;
				GCC_WARN_UNINITIALIZED_AUTOS = YES;
				GCC_WARN_UNUSED_VARIABLE = YES;
				MACOSX_DEPLOYMENT_TARGET = 10.7;
				SDKROOT = macosx;
			};
			name = Release;
		};
		07A6F205171A064E00C5B236 /* Debug */ = {
			isa = XCBuildConfiguration;
			buildSettings = {
				PRODUCT_NAME = "$(TARGET_NAME)";
			};
			name = Debug;
		};
		07A6F206171A064E00C5B236 /* Release */ = {
			isa = XCBuildConfiguration;
			buildSettings = {
				PRODUCT_NAME = "$(TARGET_NAME)";
			};
			name = Release;
		};
/* End XCBuildConfiguration section */

/* Begin XCConfigurationList section */
		07A6F1F4171A064900C5B236 /* Build configuration list for PBXProject "Theater" */ = {
			isa = XCConfigurationList;
			buildConfigurations = (
				07A6F202171A064E00C5B236 /* Debug */,
				07A6F203171A064E00C5B236 /* Release */,
			);
			defaultConfigurationIsVisible = 0;
			defaultConfigurationName = Release;
		};
		07A6F204171A064E00C5B236 /* Build configuration list for PBXNativeTarget "Theater" */ = {
			isa = XCConfigurationList;
			buildConfigurations = (
				07A6F205171A064E00C5B236 /* Debug */,
				07A6F206171A064E00C5B236 /* Release */,
			);
			defaultConfigurationIsVisible = 0;
			defaultConfigurationName = Release;
		};
/* End XCConfigurationList section */
	};
	rootObject = 07A6F1F1171A064900C5B236 /* Project object */;
}
